
Microsoft Visual Studio Solution File, Format Version 12.00
# Visual Studio Version 17
VisualStudioVersion = 17.2.32616.157
MinimumVisualStudioVersion = 10.0.40219.1
Project("{FAE04EC0-301F-11D3-BF4B-00C04F79EFBC}") = "FundamentalsOfDesignPatterns", "FundamentalsOfDesignPatterns\FundamentalsOfDesignPatterns.csproj", "{4D71964E-D056-441D-8D07-498BBC6394B5}"
EndProject
Global
	GlobalSection(SolutionConfigurationPlatforms) = preSolution
		Debug|Any CPU = Debug|Any CPU
		Release|Any CPU = Release|Any CPU
	EndGlobalSection
	GlobalSection(ProjectConfigurationPlatforms) = postSolution
		{4D71964E-D056-441D-8D07-498BBC6394B5}.Debug|Any CPU.ActiveCfg = Debug|Any CPU
		{4D71964E-D056-441D-8D07-498BBC6394B5}.Debug|Any CPU.Build.0 = Debug|Any CPU
		{4D71964E-D056-441D-8D07-498BBC6394B5}.Release|Any CPU.ActiveCfg = Release|Any CPU
		{4D71964E-D056-441D-8D07-498BBC6394B5}.Release|Any CPU.Build.0 = Release|Any CPU
	EndGlobalSection
	GlobalSection(SolutionProperties) = preSolution
		HideSolutionNode = FALSE
	EndGlobalSection
	GlobalSection(ExtensibilityGlobals) = postSolution
		SolutionGuid = {CAC64A74-A787-4330-9C44-43BB647CBD28}
	EndGlobalSection
EndGlobal
